# This file is automatically @generated by Wally.
# It is not intended for manual editing.
registry = "test"

[[package]]
name = "evaera/promise"
version = "4.0.0"
dependencies = []

[[package]]
name = "osyrisrblx/t"
version = "3.0.0"
dependencies = []

[[package]]
name = "reselim/flipper"
version = "2.0.0"
dependencies = []

[[package]]
name = "roblox/roact"
version = "1.4.4"
dependencies = []

[[package]]
name = "roblox/testez"
version = "0.4.1"
dependencies = []

[[package]]
name = "rojo-rbx/rojo"
version = "7.2.1"
dependencies = [["Flipper", "reselim/flipper@2.0.0"], ["Promise", "evaera/promise@4.0.0"], ["Roact", "roblox/roact@1.4.4"], ["t", "osyrisrblx/t@3.0.0"]]
